
Microsoft Visual Studio Solution File, Format Version 12.00
# Visual Studio Version 16
VisualStudioVersion = 16.0.31019.35
MinimumVisualStudioVersion = 10.0.40219.1
Project("{FAE04EC0-301F-11D3-BF4B-00C04F79EFBC}") = "PlaneApp", "PlaneApp\PlaneApp.csproj", "{96459C60-14F9-40FD-87FF-290BDE999677}"
EndProject
Global
	GlobalSection(SolutionConfigurationPlatforms) = preSolution
		Debug|Any CPU = Debug|Any CPU
		Release|Any CPU = Release|Any CPU
	EndGlobalSection
	GlobalSection(ProjectConfigurationPlatforms) = postSolution
		{96459C60-14F9-40FD-87FF-290BDE999677}.Debug|Any CPU.ActiveCfg = Debug|Any CPU
		{96459C60-14F9-40FD-87FF-290BDE999677}.Debug|Any CPU.Build.0 = Debug|Any CPU
		{96459C60-14F9-40FD-87FF-290BDE999677}.Release|Any CPU.ActiveCfg = Release|Any CPU
		{96459C60-14F9-40FD-87FF-290BDE999677}.Release|Any CPU.Build.0 = Release|Any CPU
	EndGlobalSection
	GlobalSection(SolutionProperties) = preSolution
		HideSolutionNode = FALSE
	EndGlobalSection
	GlobalSection(ExtensibilityGlobals) = postSolution
		SolutionGuid = {FBE0349A-21AE-460E-AD42-720E2C29B1FF}
	EndGlobalSection
EndGlobal
